
Microsoft Visual Studio Solution File, Format Version 12.00
# Visual Studio Version 17
VisualStudioVersion = 17.11.35327.3
MinimumVisualStudioVersion = 10.0.40219.1
Project("{FAE04EC0-301F-11D3-BF4B-00C04F79EFBC}") = "TicTacToeRS232", "TicTacToeRS232.csproj", "{6B757174-D89F-4C9E-9A07-1D5C30DD22B5}"
EndProject
Project("{FAE04EC0-301F-11D3-BF4B-00C04F79EFBC}") = "TicTacToeRS232Part2", "..\TicTacToeRS232Part2\TicTacToeRS232Part2.csproj", "{769F6B66-70B3-4569-A439-9F48DAB47C4F}"
EndProject
Global
	GlobalSection(SolutionConfigurationPlatforms) = preSolution
		Debug|Any CPU = Debug|Any CPU
		Release|Any CPU = Release|Any CPU
	EndGlobalSection
	GlobalSection(ProjectConfigurationPlatforms) = postSolution
		{6B757174-D89F-4C9E-9A07-1D5C30DD22B5}.Debug|Any CPU.ActiveCfg = Debug|Any CPU
		{6B757174-D89F-4C9E-9A07-1D5C30DD22B5}.Debug|Any CPU.Build.0 = Debug|Any CPU
		{6B757174-D89F-4C9E-9A07-1D5C30DD22B5}.Release|Any CPU.ActiveCfg = Release|Any CPU
		{6B757174-D89F-4C9E-9A07-1D5C30DD22B5}.Release|Any CPU.Build.0 = Release|Any CPU
		{769F6B66-70B3-4569-A439-9F48DAB47C4F}.Debug|Any CPU.ActiveCfg = Debug|Any CPU
		{769F6B66-70B3-4569-A439-9F48DAB47C4F}.Debug|Any CPU.Build.0 = Debug|Any CPU
		{769F6B66-70B3-4569-A439-9F48DAB47C4F}.Release|Any CPU.ActiveCfg = Release|Any CPU
		{769F6B66-70B3-4569-A439-9F48DAB47C4F}.Release|Any CPU.Build.0 = Release|Any CPU
	EndGlobalSection
	GlobalSection(SolutionProperties) = preSolution
		HideSolutionNode = FALSE
	EndGlobalSection
	GlobalSection(ExtensibilityGlobals) = postSolution
		SolutionGuid = {F7DC5416-C720-4F87-9092-70834DDB3B03}
	EndGlobalSection
EndGlobal
